{
  "name": "greer-spike",
  "lockfileVersion": 3,
  "requires": true,
  "packages": {
    "": {
      "name": "greer-spike",
      "dependencies": {
        "@anthropic-ai/sdk": "^0.128.0",
        "zod": "^4.6.5"
      },
      "devDependencies": {
        "@types/node": "^26.6.3",
        "typescript": "^7.0.2"
      }
    },
    "../node_modules/.pnpm/@anthropic-ai+sdk@0.128.0_zod@4.6.5/node_modules/@anthropic-ai/sdk": {
      "version": "0.128.0",
      "license": "MIT",
      "dependencies": {
        "json-schema-to-ts": "^3.1.1",
        "standardwebhooks": "^1.0.0"
      },
      "bin": {
        "anthropic-ai-sdk": "bin/cli"
      },
      "peerDependencies": {
        "zod": "^3.25.0 || ^4.0.0"
      },
      "peerDependenciesMeta": {
        "zod": {
          "optional": true
        }
      }
    },
    "../node_modules/.pnpm/@types+node@26.6.3/node_modules/@types/node": {
      "version": "26.6.3",
      "dev": true,
      "license": "MIT",
      "dependencies": {
        "undici-types": "~8.9.0"
      }
    },
    "../node_modules/.pnpm/typescript@7.0.2/node_modules/typescript": {
      "version": "7.0.2",
      "dev": true,
      "license": "Apache-2.0",
      "bin": {
        "tsc": "bin/tsc"
      },
      "engines": {
        "node": ">=16.20.0"
      },
      "optionalDependencies": {
        "@typescript/typescript-aix-ppc64": "7.0.2",
        "@typescript/typescript-darwin-arm64": "7.0.2",
        "@typescript/typescript-darwin-x64": "7.0.2",
        "@typescript/typescript-freebsd-arm64": "7.0.2",
        "@typescript/typescript-freebsd-x64": "7.0.2",
        "@typescript/typescript-linux-arm": "7.0.2",
        "@typescript/typescript-linux-arm64": "7.0.2",
        "@typescript/typescript-linux-loong64": "7.0.2",
        "@typescript/typescript-linux-mips64el": "7.0.2",
        "@typescript/typescript-linux-ppc64": "7.0.2",
        "@typescript/typescript-linux-riscv64": "7.0.2",
        "@typescript/typescript-linux-s390x": "7.0.2",
        "@typescript/typescript-linux-x64": "7.0.2",
        "@typescript/typescript-netbsd-arm64": "7.0.2",
        "@typescript/typescript-netbsd-x64": "7.0.2",
        "@typescript/typescript-openbsd-arm64": "7.0.2",
        "@typescript/typescript-openbsd-x64": "7.0.2",
        "@typescript/typescript-sunos-x64": "7.0.2",
        "@typescript/typescript-win32-arm64": "7.0.2",
        "@typescript/typescript-win32-x64": "7.0.2"
      }
    },
    "../node_modules/.pnpm/zod@4.6.5/node_modules/zod": {
      "version": "4.6.5",
      "license": "MIT",
      "funding": {
        "url": "https://github.com/sponsors/colinhacks"
      }
    },
    "node_modules/@anthropic-ai/sdk": {
      "resolved": "../node_modules/.pnpm/@anthropic-ai+sdk@0.128.0_zod@4.6.5/node_modules/@anthropic-ai/sdk",
      "link": true
    },
    "node_modules/@types/node": {
      "resolved": "../node_modules/.pnpm/@types+node@26.6.3/node_modules/@types/node",
      "link": true
    },
    "node_modules/typescript": {
      "resolved": "../node_modules/.pnpm/typescript@7.0.2/node_modules/typescript",
      "link": true
    },
    "node_modules/zod": {
      "resolved": "../node_modules/.pnpm/zod@4.6.5/node_modules/zod",
      "link": true
    }
  }
}
